
Microsoft Visual Studio Solution File, Format Version 12.00
# Visual Studio Version 16
VisualStudioVersion = 16.0.29418.71
MinimumVisualStudioVersion = 10.0.40219.1
Project("{FAE04EC0-301F-11D3-BF4B-00C04F79EFBC}") = "AIA_MVC_Demo", "AIA_MVC_Demo\AIA_MVC_Demo.csproj", "{9D80A4CF-D796-4828-9EBA-02607C41CC50}"
EndProject
Global
	GlobalSection(SolutionConfigurationPlatforms) = preSolution
		Debug|Any CPU = Debug|Any CPU
		Release|Any CPU = Release|Any CPU
	EndGlobalSection
	GlobalSection(ProjectConfigurationPlatforms) = postSolution
		{9D80A4CF-D796-4828-9EBA-02607C41CC50}.Debug|Any CPU.ActiveCfg = Debug|Any CPU
		{9D80A4CF-D796-4828-9EBA-02607C41CC50}.Debug|Any CPU.Build.0 = Debug|Any CPU
		{9D80A4CF-D796-4828-9EBA-02607C41CC50}.Release|Any CPU.ActiveCfg = Release|Any CPU
		{9D80A4CF-D796-4828-9EBA-02607C41CC50}.Release|Any CPU.Build.0 = Release|Any CPU
	EndGlobalSection
	GlobalSection(SolutionProperties) = preSolution
		HideSolutionNode = FALSE
	EndGlobalSection
	GlobalSection(ExtensibilityGlobals) = postSolution
		SolutionGuid = {9BF7A658-ECF3-41D7-87F5-C657C2FAFAAE}
	EndGlobalSection
EndGlobal
